
Microsoft Visual Studio Solution File, Format Version 12.00
# Visual Studio 15
VisualStudioVersion = 15.0.27130.2027
MinimumVisualStudioVersion = 10.0.40219.1
Project("{FAE04EC0-301F-11D3-BF4B-00C04F79EFBC}") = "BearPlayer", "BearPlayer\BearPlayer.csproj", "{60EDAA2B-DE8A-4C7D-A739-1B142FE53EA6}"
EndProject
Project("{FAE04EC0-301F-11D3-BF4B-00C04F79EFBC}") = "Test", "Test\Test.csproj", "{C38C7078-72F2-42D8-9536-538EF9130FA5}"
EndProject
Global
	GlobalSection(SolutionConfigurationPlatforms) = preSolution
		Debug|Any CPU = Debug|Any CPU
		Release|Any CPU = Release|Any CPU
	EndGlobalSection
	GlobalSection(ProjectConfigurationPlatforms) = postSolution
<<<<<<< HEAD:BearPlayer/BearPlayer.sln
		{60EDAA2B-DE8A-4C7D-A739-1B142FE53EA6}.Debug|Any CPU.ActiveCfg = Debug|Any CPU
		{60EDAA2B-DE8A-4C7D-A739-1B142FE53EA6}.Debug|Any CPU.Build.0 = Debug|Any CPU
		{60EDAA2B-DE8A-4C7D-A739-1B142FE53EA6}.Release|Any CPU.ActiveCfg = Release|Any CPU
		{60EDAA2B-DE8A-4C7D-A739-1B142FE53EA6}.Release|Any CPU.Build.0 = Release|Any CPU
=======
		{A45999FB-6887-4D07-8C94-D3CD26374695}.Debug|Any CPU.ActiveCfg = Debug|Any CPU
		{A45999FB-6887-4D07-8C94-D3CD26374695}.Debug|Any CPU.Build.0 = Debug|Any CPU
		{A45999FB-6887-4D07-8C94-D3CD26374695}.Release|Any CPU.ActiveCfg = Release|Any CPU
		{A45999FB-6887-4D07-8C94-D3CD26374695}.Release|Any CPU.Build.0 = Release|Any CPU
		{C38C7078-72F2-42D8-9536-538EF9130FA5}.Debug|Any CPU.ActiveCfg = Debug|Any CPU
		{C38C7078-72F2-42D8-9536-538EF9130FA5}.Debug|Any CPU.Build.0 = Debug|Any CPU
		{C38C7078-72F2-42D8-9536-538EF9130FA5}.Release|Any CPU.ActiveCfg = Release|Any CPU
		{C38C7078-72F2-42D8-9536-538EF9130FA5}.Release|Any CPU.Build.0 = Release|Any CPU
>>>>>>> Added unit test project:BearPlayer/MenuBar.sln
	EndGlobalSection
	GlobalSection(SolutionProperties) = preSolution
		HideSolutionNode = FALSE
	EndGlobalSection
	GlobalSection(ExtensibilityGlobals) = postSolution
		SolutionGuid = {BBF8DEE1-0E88-4C51-8B3E-6D484FC4C96D}
	EndGlobalSection
EndGlobal
