<<<<<<< HEAD
﻿
Microsoft Visual Studio Solution File, Format Version 12.00
# Visual Studio 15
VisualStudioVersion = 15.0.27130.2027
MinimumVisualStudioVersion = 10.0.40219.1
Project("{FAE04EC0-301F-11D3-BF4B-00C04F79EFBC}") = "MenuBar", "MenuBar\MenuBar.csproj", "{A45999FB-6887-4D07-8C94-D3CD26374695}"
EndProject
Global
	GlobalSection(SolutionConfigurationPlatforms) = preSolution
		Debug|Any CPU = Debug|Any CPU
		Release|Any CPU = Release|Any CPU
	EndGlobalSection
	GlobalSection(ProjectConfigurationPlatforms) = postSolution
		{A45999FB-6887-4D07-8C94-D3CD26374695}.Debug|Any CPU.ActiveCfg = Debug|Any CPU
		{A45999FB-6887-4D07-8C94-D3CD26374695}.Debug|Any CPU.Build.0 = Debug|Any CPU
		{A45999FB-6887-4D07-8C94-D3CD26374695}.Release|Any CPU.ActiveCfg = Release|Any CPU
		{A45999FB-6887-4D07-8C94-D3CD26374695}.Release|Any CPU.Build.0 = Release|Any CPU
	EndGlobalSection
	GlobalSection(SolutionProperties) = preSolution
		HideSolutionNode = FALSE
	EndGlobalSection
	GlobalSection(ExtensibilityGlobals) = postSolution
		SolutionGuid = {7F20D7CB-F246-4848-9500-E5662952185C}
	EndGlobalSection
EndGlobal
=======
﻿
Microsoft Visual Studio Solution File, Format Version 12.00
# Visual Studio 15
VisualStudioVersion = 15.0.27130.2027
MinimumVisualStudioVersion = 10.0.40219.1
Project("{FAE04EC0-301F-11D3-BF4B-00C04F79EFBC}") = "MenuBar", "MenuBar\MenuBar.csproj", "{A45999FB-6887-4D07-8C94-D3CD26374695}"
EndProject
Global
	GlobalSection(SolutionConfigurationPlatforms) = preSolution
		Debug|Any CPU = Debug|Any CPU
		Release|Any CPU = Release|Any CPU
	EndGlobalSection
	GlobalSection(ProjectConfigurationPlatforms) = postSolution
		{A45999FB-6887-4D07-8C94-D3CD26374695}.Debug|Any CPU.ActiveCfg = Debug|Any CPU
		{A45999FB-6887-4D07-8C94-D3CD26374695}.Debug|Any CPU.Build.0 = Debug|Any CPU
		{A45999FB-6887-4D07-8C94-D3CD26374695}.Release|Any CPU.ActiveCfg = Release|Any CPU
		{A45999FB-6887-4D07-8C94-D3CD26374695}.Release|Any CPU.Build.0 = Release|Any CPU
	EndGlobalSection
	GlobalSection(SolutionProperties) = preSolution
		HideSolutionNode = FALSE
	EndGlobalSection
	GlobalSection(ExtensibilityGlobals) = postSolution
		SolutionGuid = {7F20D7CB-F246-4848-9500-E5662952185C}
	EndGlobalSection
EndGlobal
>>>>>>> master
